
Microsoft Visual Studio Solution File, Format Version 12.00
# Visual Studio Version 17
VisualStudioVersion = 17.0.31903.59
MinimumVisualStudioVersion = 10.0.40219.1
Project("{2150E333-8FDC-42A3-9474-1A3956D46DE8}") = "src", "src", "{D44BBEC1-4CE9-4191-8486-ADC0F7C2CB84}"
EndProject
Project("{2150E333-8FDC-42A3-9474-1A3956D46DE8}") = "Common", "Common", "{4E45DC71-0918-4C7B-8B23-EDEA720ACACF}"
EndProject
Project("{FAE04EC0-301F-11D3-BF4B-00C04F79EFBC}") = "Ads.Common", "src\Common\Ads.Common\Ads.Common.csproj", "{59C3AE32-4A80-400C-B875-968ED934A63D}"
EndProject
Project("{2150E333-8FDC-42A3-9474-1A3956D46DE8}") = "Command", "Command", "{74B76EF7-E2D3-42A4-8E3D-FA4976E7ED3F}"
EndProject
Project("{FAE04EC0-301F-11D3-BF4B-00C04F79EFBC}") = "Ads.Command.Domain", "src\Command\Ads.Command.Domain\Ads.Command.Domain.csproj", "{27E38F87-ABEF-439C-85B6-5A143D99888D}"
EndProject
Project("{FAE04EC0-301F-11D3-BF4B-00C04F79EFBC}") = "Ads.Command.Application", "src\Command\Ads.Command.Application\Ads.Command.Application.csproj", "{43E42CBD-2C66-410B-8EDD-0AB888BBE294}"
EndProject
Project("{FAE04EC0-301F-11D3-BF4B-00C04F79EFBC}") = "Ads.Command.Infrastructure", "src\Command\Ads.Command.Infrastructure\Ads.Command.Infrastructure.csproj", "{FA5AC5F8-1295-4B34-AB4C-D080B366ABBF}"
EndProject
Project("{FAE04EC0-301F-11D3-BF4B-00C04F79EFBC}") = "Ads.Command.Api", "src\Command\Ads.Command.Api\Ads.Command.Api.csproj", "{F54B2AFB-9C1B-4977-9FE5-2DE6B5A16C1B}"
EndProject
Project("{2150E333-8FDC-42A3-9474-1A3956D46DE8}") = "Query", "Query", "{AFD58DFE-4D6E-4971-8BB7-C17E2E68BC8D}"
EndProject
Project("{FAE04EC0-301F-11D3-BF4B-00C04F79EFBC}") = "Ads.Query.Domain", "src\Query\Ads.Query.Domain\Ads.Query.Domain.csproj", "{6075EDAD-1277-42C0-9B8A-91B09FD04CAE}"
EndProject
Project("{FAE04EC0-301F-11D3-BF4B-00C04F79EFBC}") = "Ads.Query.Application", "src\Query\Ads.Query.Application\Ads.Query.Application.csproj", "{683546EC-8F35-4818-BAAF-46206B394F47}"
EndProject
Project("{FAE04EC0-301F-11D3-BF4B-00C04F79EFBC}") = "Ads.Query.Infrastructure", "src\Query\Ads.Query.Infrastructure\Ads.Query.Infrastructure.csproj", "{6E20F9F1-CA0D-4AFD-8E42-58C901F3C47D}"
EndProject
Project("{FAE04EC0-301F-11D3-BF4B-00C04F79EFBC}") = "Ads.Query.Api", "src\Query\Ads.Query.Api\Ads.Query.Api.csproj", "{793CD084-7C92-4D3E-A489-782980F5FE12}"
EndProject
Global
	GlobalSection(SolutionConfigurationPlatforms) = preSolution
		Debug|Any CPU = Debug|Any CPU
		Release|Any CPU = Release|Any CPU
	EndGlobalSection
	GlobalSection(SolutionProperties) = preSolution
		HideSolutionNode = FALSE
	EndGlobalSection
	GlobalSection(ProjectConfigurationPlatforms) = postSolution
		{59C3AE32-4A80-400C-B875-968ED934A63D}.Debug|Any CPU.ActiveCfg = Debug|Any CPU
		{59C3AE32-4A80-400C-B875-968ED934A63D}.Debug|Any CPU.Build.0 = Debug|Any CPU
		{59C3AE32-4A80-400C-B875-968ED934A63D}.Release|Any CPU.ActiveCfg = Release|Any CPU
		{59C3AE32-4A80-400C-B875-968ED934A63D}.Release|Any CPU.Build.0 = Release|Any CPU
		{27E38F87-ABEF-439C-85B6-5A143D99888D}.Debug|Any CPU.ActiveCfg = Debug|Any CPU
		{27E38F87-ABEF-439C-85B6-5A143D99888D}.Debug|Any CPU.Build.0 = Debug|Any CPU
		{27E38F87-ABEF-439C-85B6-5A143D99888D}.Release|Any CPU.ActiveCfg = Release|Any CPU
		{27E38F87-ABEF-439C-85B6-5A143D99888D}.Release|Any CPU.Build.0 = Release|Any CPU
		{43E42CBD-2C66-410B-8EDD-0AB888BBE294}.Debug|Any CPU.ActiveCfg = Debug|Any CPU
		{43E42CBD-2C66-410B-8EDD-0AB888BBE294}.Debug|Any CPU.Build.0 = Debug|Any CPU
		{43E42CBD-2C66-410B-8EDD-0AB888BBE294}.Release|Any CPU.ActiveCfg = Release|Any CPU
		{43E42CBD-2C66-410B-8EDD-0AB888BBE294}.Release|Any CPU.Build.0 = Release|Any CPU
		{FA5AC5F8-1295-4B34-AB4C-D080B366ABBF}.Debug|Any CPU.ActiveCfg = Debug|Any CPU
		{FA5AC5F8-1295-4B34-AB4C-D080B366ABBF}.Debug|Any CPU.Build.0 = Debug|Any CPU
		{FA5AC5F8-1295-4B34-AB4C-D080B366ABBF}.Release|Any CPU.ActiveCfg = Release|Any CPU
		{FA5AC5F8-1295-4B34-AB4C-D080B366ABBF}.Release|Any CPU.Build.0 = Release|Any CPU
		{F54B2AFB-9C1B-4977-9FE5-2DE6B5A16C1B}.Debug|Any CPU.ActiveCfg = Debug|Any CPU
		{F54B2AFB-9C1B-4977-9FE5-2DE6B5A16C1B}.Debug|Any CPU.Build.0 = Debug|Any CPU
		{F54B2AFB-9C1B-4977-9FE5-2DE6B5A16C1B}.Release|Any CPU.ActiveCfg = Release|Any CPU
		{F54B2AFB-9C1B-4977-9FE5-2DE6B5A16C1B}.Release|Any CPU.Build.0 = Release|Any CPU
		{6075EDAD-1277-42C0-9B8A-91B09FD04CAE}.Debug|Any CPU.ActiveCfg = Debug|Any CPU
		{6075EDAD-1277-42C0-9B8A-91B09FD04CAE}.Debug|Any CPU.Build.0 = Debug|Any CPU
		{6075EDAD-1277-42C0-9B8A-91B09FD04CAE}.Release|Any CPU.ActiveCfg = Release|Any CPU
		{6075EDAD-1277-42C0-9B8A-91B09FD04CAE}.Release|Any CPU.Build.0 = Release|Any CPU
		{683546EC-8F35-4818-BAAF-46206B394F47}.Debug|Any CPU.ActiveCfg = Debug|Any CPU
		{683546EC-8F35-4818-BAAF-46206B394F47}.Debug|Any CPU.Build.0 = Debug|Any CPU
		{683546EC-8F35-4818-BAAF-46206B394F47}.Release|Any CPU.ActiveCfg = Release|Any CPU
		{683546EC-8F35-4818-BAAF-46206B394F47}.Release|Any CPU.Build.0 = Release|Any CPU
		{6E20F9F1-CA0D-4AFD-8E42-58C901F3C47D}.Debug|Any CPU.ActiveCfg = Debug|Any CPU
		{6E20F9F1-CA0D-4AFD-8E42-58C901F3C47D}.Debug|Any CPU.Build.0 = Debug|Any CPU
		{6E20F9F1-CA0D-4AFD-8E42-58C901F3C47D}.Release|Any CPU.ActiveCfg = Release|Any CPU
		{6E20F9F1-CA0D-4AFD-8E42-58C901F3C47D}.Release|Any CPU.Build.0 = Release|Any CPU
		{793CD084-7C92-4D3E-A489-782980F5FE12}.Debug|Any CPU.ActiveCfg = Debug|Any CPU
		{793CD084-7C92-4D3E-A489-782980F5FE12}.Debug|Any CPU.Build.0 = Debug|Any CPU
		{793CD084-7C92-4D3E-A489-782980F5FE12}.Release|Any CPU.ActiveCfg = Release|Any CPU
		{793CD084-7C92-4D3E-A489-782980F5FE12}.Release|Any CPU.Build.0 = Release|Any CPU
	EndGlobalSection
	GlobalSection(NestedProjects) = preSolution
		{4E45DC71-0918-4C7B-8B23-EDEA720ACACF} = {D44BBEC1-4CE9-4191-8486-ADC0F7C2CB84}
		{59C3AE32-4A80-400C-B875-968ED934A63D} = {4E45DC71-0918-4C7B-8B23-EDEA720ACACF}
		{74B76EF7-E2D3-42A4-8E3D-FA4976E7ED3F} = {D44BBEC1-4CE9-4191-8486-ADC0F7C2CB84}
		{27E38F87-ABEF-439C-85B6-5A143D99888D} = {74B76EF7-E2D3-42A4-8E3D-FA4976E7ED3F}
		{43E42CBD-2C66-410B-8EDD-0AB888BBE294} = {74B76EF7-E2D3-42A4-8E3D-FA4976E7ED3F}
		{FA5AC5F8-1295-4B34-AB4C-D080B366ABBF} = {74B76EF7-E2D3-42A4-8E3D-FA4976E7ED3F}
		{F54B2AFB-9C1B-4977-9FE5-2DE6B5A16C1B} = {74B76EF7-E2D3-42A4-8E3D-FA4976E7ED3F}
		{AFD58DFE-4D6E-4971-8BB7-C17E2E68BC8D} = {D44BBEC1-4CE9-4191-8486-ADC0F7C2CB84}
		{6075EDAD-1277-42C0-9B8A-91B09FD04CAE} = {AFD58DFE-4D6E-4971-8BB7-C17E2E68BC8D}
		{683546EC-8F35-4818-BAAF-46206B394F47} = {AFD58DFE-4D6E-4971-8BB7-C17E2E68BC8D}
		{6E20F9F1-CA0D-4AFD-8E42-58C901F3C47D} = {AFD58DFE-4D6E-4971-8BB7-C17E2E68BC8D}
		{793CD084-7C92-4D3E-A489-782980F5FE12} = {AFD58DFE-4D6E-4971-8BB7-C17E2E68BC8D}
	EndGlobalSection
EndGlobal
